
Microsoft Visual Studio Solution File, Format Version 12.00
# Visual Studio Version 16
VisualStudioVersion = 25.0.1700.0
MinimumVisualStudioVersion = 10.0.40219.1
Project("{FAE04EC0-301F-11D3-BF4B-00C04F79EFBC}") = "Album.Api", "Album.Api\Album.Api.csproj", "{FC5227F5-D80F-45F0-A4A1-780B6E46685E}"
EndProject
Project("{FAE04EC0-301F-11D3-BF4B-00C04F79EFBC}") = "Album.Api.Tests", "Album.Api.Tests\Album.Api.Tests.csproj", "{92492180-7078-443A-A345-E2E896ED6646}"
EndProject
Global
	GlobalSection(SolutionConfigurationPlatforms) = preSolution
		Debug|Any CPU = Debug|Any CPU
		Release|Any CPU = Release|Any CPU
	EndGlobalSection
	GlobalSection(ProjectConfigurationPlatforms) = postSolution
		{FC5227F5-D80F-45F0-A4A1-780B6E46685E}.Debug|Any CPU.ActiveCfg = Debug|Any CPU
		{FC5227F5-D80F-45F0-A4A1-780B6E46685E}.Debug|Any CPU.Build.0 = Debug|Any CPU
		{FC5227F5-D80F-45F0-A4A1-780B6E46685E}.Release|Any CPU.ActiveCfg = Release|Any CPU
		{FC5227F5-D80F-45F0-A4A1-780B6E46685E}.Release|Any CPU.Build.0 = Release|Any CPU
		{92492180-7078-443A-A345-E2E896ED6646}.Debug|Any CPU.ActiveCfg = Debug|Any CPU
		{92492180-7078-443A-A345-E2E896ED6646}.Debug|Any CPU.Build.0 = Debug|Any CPU
		{92492180-7078-443A-A345-E2E896ED6646}.Release|Any CPU.ActiveCfg = Release|Any CPU
		{92492180-7078-443A-A345-E2E896ED6646}.Release|Any CPU.Build.0 = Release|Any CPU
	EndGlobalSection
	GlobalSection(SolutionProperties) = preSolution
		HideSolutionNode = FALSE
	EndGlobalSection
	GlobalSection(ExtensibilityGlobals) = postSolution
		SolutionGuid = {924C8A1C-714D-4DD4-851A-550A1277AC79}
	EndGlobalSection
EndGlobal
